// !$*UTF8*$!
{
	archiveVersion = 1;
	classes = {
	};
	objectVersion = 55;
	objects = {

/* Begin PBXBuildFile section */
		9724901128DADFC900606E46 /* DataSourceManager.swift in Sources */ = {isa = PBXBuildFile; fileRef = 9724901028DADFC900606E46 /* DataSourceManager.swift */; };
		9724901428DAFA3800606E46 /* ListItemViewModel.swift in Sources */ = {isa = PBXBuildFile; fileRef = 9724901328DAFA3800606E46 /* ListItemViewModel.swift */; };
		9724901628DAFA5D00606E46 /* CarouselItemViewModel.swift in Sources */ = {isa = PBXBuildFile; fileRef = 9724901528DAFA5D00606E46 /* CarouselItemViewModel.swift */; };
		9724901828DAFA8100606E46 /* Protocols.swift in Sources */ = {isa = PBXBuildFile; fileRef = 9724901728DAFA8100606E46 /* Protocols.swift */; };
		9724901D28DAFB4B00606E46 /* CarouselViewCell.swift in Sources */ = {isa = PBXBuildFile; fileRef = 9724901C28DAFB4B00606E46 /* CarouselViewCell.swift */; };
		9724901F28DAFB6900606E46 /* ListItemCell.swift in Sources */ = {isa = PBXBuildFile; fileRef = 9724901E28DAFB6900606E46 /* ListItemCell.swift */; };
		9724902328DB0ACA00606E46 /* ColourConfig.swift in Sources */ = {isa = PBXBuildFile; fileRef = 9724902228DB0ACA00606E46 /* ColourConfig.swift */; };
		9743B14A28DA20BE001A0EA9 /* AppDelegate.swift in Sources */ = {isa = PBXBuildFile; fileRef = 9743B14928DA20BE001A0EA9 /* AppDelegate.swift */; };
		9743B14C28DA20BE001A0EA9 /* SceneDelegate.swift in Sources */ = {isa = PBXBuildFile; fileRef = 9743B14B28DA20BE001A0EA9 /* SceneDelegate.swift */; };
		9743B14E28DA20BE001A0EA9 /* ViewController.swift in Sources */ = {isa = PBXBuildFile; fileRef = 9743B14D28DA20BE001A0EA9 /* ViewController.swift */; };
		9743B15128DA20BE001A0EA9 /* Main.storyboard in Resources */ = {isa = PBXBuildFile; fileRef = 9743B14F28DA20BE001A0EA9 /* Main.storyboard */; };
		9743B15328DA20BF001A0EA9 /* Assets.xcassets in Resources */ = {isa = PBXBuildFile; fileRef = 9743B15228DA20BF001A0EA9 /* Assets.xcassets */; };
		9743B15628DA20BF001A0EA9 /* LaunchScreen.storyboard in Resources */ = {isa = PBXBuildFile; fileRef = 9743B15428DA20BF001A0EA9 /* LaunchScreen.storyboard */; };
		9743B16128DA20BF001A0EA9 /* SampleProject1Tests.swift in Sources */ = {isa = PBXBuildFile; fileRef = 9743B16028DA20BF001A0EA9 /* SampleProject1Tests.swift */; };
		9743B16B28DA20BF001A0EA9 /* SampleProject1UITests.swift in Sources */ = {isa = PBXBuildFile; fileRef = 9743B16A28DA20BF001A0EA9 /* SampleProject1UITests.swift */; };
		9743B16D28DA20BF001A0EA9 /* SampleProject1UITestsLaunchTests.swift in Sources */ = {isa = PBXBuildFile; fileRef = 9743B16C28DA20BF001A0EA9 /* SampleProject1UITestsLaunchTests.swift */; };
		9743B17A28DA31E3001A0EA9 /* CarouselView.swift in Sources */ = {isa = PBXBuildFile; fileRef = 9743B17928DA31E3001A0EA9 /* CarouselView.swift */; };
/* End PBXBuildFile section */

/* Begin PBXContainerItemProxy section */
		9743B15D28DA20BF001A0EA9 /* PBXContainerItemProxy */ = {
			isa = PBXContainerItemProxy;
			containerPortal = 9743B13E28DA20BE001A0EA9 /* Project object */;
			proxyType = 1;
			remoteGlobalIDString = 9743B14528DA20BE001A0EA9;
			remoteInfo = SampleProject1;
		};
		9743B16728DA20BF001A0EA9 /* PBXContainerItemProxy */ = {
			isa = PBXContainerItemProxy;
			containerPortal = 9743B13E28DA20BE001A0EA9 /* Project object */;
			proxyType = 1;
			remoteGlobalIDString = 9743B14528DA20BE001A0EA9;
			remoteInfo = SampleProject1;
		};
/* End PBXContainerItemProxy section */

/* Begin PBXFileReference section */
		9724901028DADFC900606E46 /* DataSourceManager.swift */ = {isa = PBXFileReference; lastKnownFileType = sourcecode.swift; path = DataSourceManager.swift; sourceTree = "<group>"; };
		9724901328DAFA3800606E46 /* ListItemViewModel.swift */ = {isa = PBXFileReference; lastKnownFileType = sourcecode.swift; path = ListItemViewModel.swift; sourceTree = "<group>"; };
		9724901528DAFA5D00606E46 /* CarouselItemViewModel.swift */ = {isa = PBXFileReference; lastKnownFileType = sourcecode.swift; path = CarouselItemViewModel.swift; sourceTree = "<group>"; };
		9724901728DAFA8100606E46 /* Protocols.swift */ = {isa = PBXFileReference; lastKnownFileType = sourcecode.swift; path = Protocols.swift; sourceTree = "<group>"; };
		9724901C28DAFB4B00606E46 /* CarouselViewCell.swift */ = {isa = PBXFileReference; lastKnownFileType = sourcecode.swift; path = CarouselViewCell.swift; sourceTree = "<group>"; };
		9724901E28DAFB6900606E46 /* ListItemCell.swift */ = {isa = PBXFileReference; lastKnownFileType = sourcecode.swift; path = ListItemCell.swift; sourceTree = "<group>"; };
		9724902228DB0ACA00606E46 /* ColourConfig.swift */ = {isa = PBXFileReference; lastKnownFileType = sourcecode.swift; path = ColourConfig.swift; sourceTree = "<group>"; };
		9743B14628DA20BE001A0EA9 /* SampleProject1.app */ = {isa = PBXFileReference; explicitFileType = wrapper.application; includeInIndex = 0; path = SampleProject1.app; sourceTree = BUILT_PRODUCTS_DIR; };
		9743B14928DA20BE001A0EA9 /* AppDelegate.swift */ = {isa = PBXFileReference; lastKnownFileType = sourcecode.swift; path = AppDelegate.swift; sourceTree = "<group>"; };
		9743B14B28DA20BE001A0EA9 /* SceneDelegate.swift */ = {isa = PBXFileReference; lastKnownFileType = sourcecode.swift; path = SceneDelegate.swift; sourceTree = "<group>"; };
		9743B14D28DA20BE001A0EA9 /* ViewController.swift */ = {isa = PBXFileReference; lastKnownFileType = sourcecode.swift; path = ViewController.swift; sourceTree = "<group>"; };
		9743B15028DA20BE001A0EA9 /* Base */ = {isa = PBXFileReference; lastKnownFileType = file.storyboard; name = Base; path = Base.lproj/Main.storyboard; sourceTree = "<group>"; };
		9743B15228DA20BF001A0EA9 /* Assets.xcassets */ = {isa = PBXFileReference; lastKnownFileType = folder.assetcatalog; path = Assets.xcassets; sourceTree = "<group>"; };
		9743B15528DA20BF001A0EA9 /* Base */ = {isa = PBXFileReference; lastKnownFileType = file.storyboard; name = Base; path = Base.lproj/LaunchScreen.storyboard; sourceTree = "<group>"; };
		9743B15728DA20BF001A0EA9 /* Info.plist */ = {isa = PBXFileReference; lastKnownFileType = text.plist.xml; path = Info.plist; sourceTree = "<group>"; };
		9743B15C28DA20BF001A0EA9 /* SampleProject1Tests.xctest */ = {isa = PBXFileReference; explicitFileType = wrapper.cfbundle; includeInIndex = 0; path = SampleProject1Tests.xctest; sourceTree = BUILT_PRODUCTS_DIR; };
		9743B16028DA20BF001A0EA9 /* SampleProject1Tests.swift */ = {isa = PBXFileReference; lastKnownFileType = sourcecode.swift; path = SampleProject1Tests.swift; sourceTree = "<group>"; };
		9743B16628DA20BF001A0EA9 /* SampleProject1UITests.xctest */ = {isa = PBXFileReference; explicitFileType = wrapper.cfbundle; includeInIndex = 0; path = SampleProject1UITests.xctest; sourceTree = BUILT_PRODUCTS_DIR; };
		9743B16A28DA20BF001A0EA9 /* SampleProject1UITests.swift */ = {isa = PBXFileReference; lastKnownFileType = sourcecode.swift; path = SampleProject1UITests.swift; sourceTree = "<group>"; };
		9743B16C28DA20BF001A0EA9 /* SampleProject1UITestsLaunchTests.swift */ = {isa = PBXFileReference; lastKnownFileType = sourcecode.swift; path = SampleProject1UITestsLaunchTests.swift; sourceTree = "<group>"; };
		9743B17928DA31E3001A0EA9 /* CarouselView.swift */ = {isa = PBXFileReference; lastKnownFileType = sourcecode.swift; path = CarouselView.swift; sourceTree = "<group>"; };
/* End PBXFileReference section */

/* Begin PBXFrameworksBuildPhase section */
		9743B14328DA20BE001A0EA9 /* Frameworks */ = {
			isa = PBXFrameworksBuildPhase;
			buildActionMask = 2147483647;
			files = (
			);
			runOnlyForDeploymentPostprocessing = 0;
		};
		9743B15928DA20BF001A0EA9 /* Frameworks */ = {
			isa = PBXFrameworksBuildPhase;
			buildActionMask = 2147483647;
			files = (
			);
			runOnlyForDeploymentPostprocessing = 0;
		};
		9743B16328DA20BF001A0EA9 /* Frameworks */ = {
			isa = PBXFrameworksBuildPhase;
			buildActionMask = 2147483647;
			files = (
			);
			runOnlyForDeploymentPostprocessing = 0;
		};
/* End PBXFrameworksBuildPhase section */

/* Begin PBXGroup section */
		9724901228DAFA1900606E46 /* ViewModels */ = {
			isa = PBXGroup;
			children = (
				9724901728DAFA8100606E46 /* Protocols.swift */,
				9724901328DAFA3800606E46 /* ListItemViewModel.swift */,
				9724901528DAFA5D00606E46 /* CarouselItemViewModel.swift */,
			);
			path = ViewModels;
			sourceTree = "<group>";
		};
		9724901928DAFB1A00606E46 /* CustomViews */ = {
			isa = PBXGroup;
			children = (
				9743B17928DA31E3001A0EA9 /* CarouselView.swift */,
			);
			path = CustomViews;
			sourceTree = "<group>";
		};
		9724901A28DAFB2A00606E46 /* Views */ = {
			isa = PBXGroup;
			children = (
				9743B14D28DA20BE001A0EA9 /* ViewController.swift */,
				9724901B28DAFB3100606E46 /* CustomCells */,
				9724901928DAFB1A00606E46 /* CustomViews */,
			);
			path = Views;
			sourceTree = "<group>";
		};
		9724901B28DAFB3100606E46 /* CustomCells */ = {
			isa = PBXGroup;
			children = (
				9724901C28DAFB4B00606E46 /* CarouselViewCell.swift */,
				9724901E28DAFB6900606E46 /* ListItemCell.swift */,
			);
			path = CustomCells;
			sourceTree = "<group>";
		};
		9724902028DAFD7500606E46 /* DataSourceManager */ = {
			isa = PBXGroup;
			children = (
				9724901028DADFC900606E46 /* DataSourceManager.swift */,
			);
			path = DataSourceManager;
			sourceTree = "<group>";
		};
		9724902128DB0ABA00606E46 /* Utilities */ = {
			isa = PBXGroup;
			children = (
				9724902228DB0ACA00606E46 /* ColourConfig.swift */,
			);
			name = Utilities;
			sourceTree = "<group>";
		};
		9743B13D28DA20BE001A0EA9 = {
			isa = PBXGroup;
			children = (
				9743B14828DA20BE001A0EA9 /* SampleProject1 */,
				9743B15F28DA20BF001A0EA9 /* SampleProject1Tests */,
				9743B16928DA20BF001A0EA9 /* SampleProject1UITests */,
				9743B14728DA20BE001A0EA9 /* Products */,
			);
			sourceTree = "<group>";
		};
		9743B14728DA20BE001A0EA9 /* Products */ = {
			isa = PBXGroup;
			children = (
				9743B14628DA20BE001A0EA9 /* SampleProject1.app */,
				9743B15C28DA20BF001A0EA9 /* SampleProject1Tests.xctest */,
				9743B16628DA20BF001A0EA9 /* SampleProject1UITests.xctest */,
			);
			name = Products;
			sourceTree = "<group>";
		};
		9743B14828DA20BE001A0EA9 /* SampleProject1 */ = {
			isa = PBXGroup;
			children = (
				9743B14928DA20BE001A0EA9 /* AppDelegate.swift */,
				9743B14B28DA20BE001A0EA9 /* SceneDelegate.swift */,
				9724902128DB0ABA00606E46 /* Utilities */,
				9724901A28DAFB2A00606E46 /* Views */,
				9724902028DAFD7500606E46 /* DataSourceManager */,
				9724901228DAFA1900606E46 /* ViewModels */,
				9743B14F28DA20BE001A0EA9 /* Main.storyboard */,
				9743B15228DA20BF001A0EA9 /* Assets.xcassets */,
				9743B15428DA20BF001A0EA9 /* LaunchScreen.storyboard */,
				9743B15728DA20BF001A0EA9 /* Info.plist */,
			);
			path = SampleProject1;
			sourceTree = "<group>";
		};
		9743B15F28DA20BF001A0EA9 /* SampleProject1Tests */ = {
			isa = PBXGroup;
			children = (
				9743B16028DA20BF001A0EA9 /* SampleProject1Tests.swift */,
			);
			path = SampleProject1Tests;
			sourceTree = "<group>";
		};
		9743B16928DA20BF001A0EA9 /* SampleProject1UITests */ = {
			isa = PBXGroup;
			children = (
				9743B16A28DA20BF001A0EA9 /* SampleProject1UITests.swift */,
				9743B16C28DA20BF001A0EA9 /* SampleProject1UITestsLaunchTests.swift */,
			);
			path = SampleProject1UITests;
			sourceTree = "<group>";
		};
/* End PBXGroup section */

/* Begin PBXNativeTarget section */
		9743B14528DA20BE001A0EA9 /* SampleProject1 */ = {
			isa = PBXNativeTarget;
			buildConfigurationList = 9743B17028DA20BF001A0EA9 /* Build configuration list for PBXNativeTarget "SampleProject1" */;
			buildPhases = (
				9743B14228DA20BE001A0EA9 /* Sources */,
				9743B14328DA20BE001A0EA9 /* Frameworks */,
				9743B14428DA20BE001A0EA9 /* Resources */,
			);
			buildRules = (
			);
			dependencies = (
			);
			name = SampleProject1;
			productName = SampleProject1;
			productReference = 9743B14628DA20BE001A0EA9 /* SampleProject1.app */;
			productType = "com.apple.product-type.application";
		};
		9743B15B28DA20BF001A0EA9 /* SampleProject1Tests */ = {
			isa = PBXNativeTarget;
			buildConfigurationList = 9743B17328DA20BF001A0EA9 /* Build configuration list for PBXNativeTarget "SampleProject1Tests" */;
			buildPhases = (
				9743B15828DA20BF001A0EA9 /* Sources */,
				9743B15928DA20BF001A0EA9 /* Frameworks */,
				9743B15A28DA20BF001A0EA9 /* Resources */,
			);
			buildRules = (
			);
			dependencies = (
				9743B15E28DA20BF001A0EA9 /* PBXTargetDependency */,
			);
			name = SampleProject1Tests;
			productName = SampleProject1Tests;
			productReference = 9743B15C28DA20BF001A0EA9 /* SampleProject1Tests.xctest */;
			productType = "com.apple.product-type.bundle.unit-test";
		};
		9743B16528DA20BF001A0EA9 /* SampleProject1UITests */ = {
			isa = PBXNativeTarget;
			buildConfigurationList = 9743B17628DA20BF001A0EA9 /* Build configuration list for PBXNativeTarget "SampleProject1UITests" */;
			buildPhases = (
				9743B16228DA20BF001A0EA9 /* Sources */,
				9743B16328DA20BF001A0EA9 /* Frameworks */,
				9743B16428DA20BF001A0EA9 /* Resources */,
			);
			buildRules = (
			);
			dependencies = (
				9743B16828DA20BF001A0EA9 /* PBXTargetDependency */,
			);
			name = SampleProject1UITests;
			productName = SampleProject1UITests;
			productReference = 9743B16628DA20BF001A0EA9 /* SampleProject1UITests.xctest */;
			productType = "com.apple.product-type.bundle.ui-testing";
		};
/* End PBXNativeTarget section */

/* Begin PBXProject section */
		9743B13E28DA20BE001A0EA9 /* Project object */ = {
			isa = PBXProject;
			attributes = {
				BuildIndependentTargetsInParallel = 1;
				LastSwiftUpdateCheck = 1320;
				LastUpgradeCheck = 1320;
				TargetAttributes = {
					9743B14528DA20BE001A0EA9 = {
						CreatedOnToolsVersion = 13.2.1;
					};
					9743B15B28DA20BF001A0EA9 = {
						CreatedOnToolsVersion = 13.2.1;
						TestTargetID = 9743B14528DA20BE001A0EA9;
					};
					9743B16528DA20BF001A0EA9 = {
						CreatedOnToolsVersion = 13.2.1;
						TestTargetID = 9743B14528DA20BE001A0EA9;
					};
				};
			};
			buildConfigurationList = 9743B14128DA20BE001A0EA9 /* Build configuration list for PBXProject "SampleProject1" */;
			compatibilityVersion = "Xcode 13.0";
			developmentRegion = en;
			hasScannedForEncodings = 0;
			knownRegions = (
				en,
				Base,
			);
			mainGroup = 9743B13D28DA20BE001A0EA9;
			productRefGroup = 9743B14728DA20BE001A0EA9 /* Products */;
			projectDirPath = "";
			projectRoot = "";
			targets = (
				9743B14528DA20BE001A0EA9 /* SampleProject1 */,
				9743B15B28DA20BF001A0EA9 /* SampleProject1Tests */,
				9743B16528DA20BF001A0EA9 /* SampleProject1UITests */,
			);
		};
/* End PBXProject section */

/* Begin PBXResourcesBuildPhase section */
		9743B14428DA20BE001A0EA9 /* Resources */ = {
			isa = PBXResourcesBuildPhase;
			buildActionMask = 2147483647;
			files = (
				9743B15628DA20BF001A0EA9 /* LaunchScreen.storyboard in Resources */,
				9743B15328DA20BF001A0EA9 /* Assets.xcassets in Resources */,
				9743B15128DA20BE001A0EA9 /* Main.storyboard in Resources */,
			);
			runOnlyForDeploymentPostprocessing = 0;
		};
		9743B15A28DA20BF001A0EA9 /* Resources */ = {
			isa = PBXResourcesBuildPhase;
			buildActionMask = 2147483647;
			files = (
			);
			runOnlyForDeploymentPostprocessing = 0;
		};
		9743B16428DA20BF001A0EA9 /* Resources */ = {
			isa = PBXResourcesBuildPhase;
			buildActionMask = 2147483647;
			files = (
			);
			runOnlyForDeploymentPostprocessing = 0;
		};
/* End PBXResourcesBuildPhase section */

/* Begin PBXSourcesBuildPhase section */
		9743B14228DA20BE001A0EA9 /* Sources */ = {
			isa = PBXSourcesBuildPhase;
			buildActionMask = 2147483647;
			files = (
				9743B14E28DA20BE001A0EA9 /* ViewController.swift in Sources */,
				9724901428DAFA3800606E46 /* ListItemViewModel.swift in Sources */,
				9743B14A28DA20BE001A0EA9 /* AppDelegate.swift in Sources */,
				9743B17A28DA31E3001A0EA9 /* CarouselView.swift in Sources */,
				9724901F28DAFB6900606E46 /* ListItemCell.swift in Sources */,
				9724901828DAFA8100606E46 /* Protocols.swift in Sources */,
				9724902328DB0ACA00606E46 /* ColourConfig.swift in Sources */,
				9724901D28DAFB4B00606E46 /* CarouselViewCell.swift in Sources */,
				9743B14C28DA20BE001A0EA9 /* SceneDelegate.swift in Sources */,
				9724901128DADFC900606E46 /* DataSourceManager.swift in Sources */,
				9724901628DAFA5D00606E46 /* CarouselItemViewModel.swift in Sources */,
			);
			runOnlyForDeploymentPostprocessing = 0;
		};
		9743B15828DA20BF001A0EA9 /* Sources */ = {
			isa = PBXSourcesBuildPhase;
			buildActionMask = 2147483647;
			files = (
				9743B16128DA20BF001A0EA9 /* SampleProject1Tests.swift in Sources */,
			);
			runOnlyForDeploymentPostprocessing = 0;
		};
		9743B16228DA20BF001A0EA9 /* Sources */ = {
			isa = PBXSourcesBuildPhase;
			buildActionMask = 2147483647;
			files = (
				9743B16D28DA20BF001A0EA9 /* SampleProject1UITestsLaunchTests.swift in Sources */,
				9743B16B28DA20BF001A0EA9 /* SampleProject1UITests.swift in Sources */,
			);
			runOnlyForDeploymentPostprocessing = 0;
		};
/* End PBXSourcesBuildPhase section */

/* Begin PBXTargetDependency section */
		9743B15E28DA20BF001A0EA9 /* PBXTargetDependency */ = {
			isa = PBXTargetDependency;
			target = 9743B14528DA20BE001A0EA9 /* SampleProject1 */;
			targetProxy = 9743B15D28DA20BF001A0EA9 /* PBXContainerItemProxy */;
		};
		9743B16828DA20BF001A0EA9 /* PBXTargetDependency */ = {
			isa = PBXTargetDependency;
			target = 9743B14528DA20BE001A0EA9 /* SampleProject1 */;
			targetProxy = 9743B16728DA20BF001A0EA9 /* PBXContainerItemProxy */;
		};
/* End PBXTargetDependency section */

/* Begin PBXVariantGroup section */
		9743B14F28DA20BE001A0EA9 /* Main.storyboard */ = {
			isa = PBXVariantGroup;
			children = (
				9743B15028DA20BE001A0EA9 /* Base */,
			);
			name = Main.storyboard;
			sourceTree = "<group>";
		};
		9743B15428DA20BF001A0EA9 /* LaunchScreen.storyboard */ = {
			isa = PBXVariantGroup;
			children = (
				9743B15528DA20BF001A0EA9 /* Base */,
			);
			name = LaunchScreen.storyboard;
			sourceTree = "<group>";
		};
/* End PBXVariantGroup section */

/* Begin XCBuildConfiguration section */
		9743B16E28DA20BF001A0EA9 /* Debug */ = {
			isa = XCBuildConfiguration;
			buildSettings = {
				ALWAYS_SEARCH_USER_PATHS = NO;
				CLANG_ANALYZER_NONNULL = YES;
				CLANG_ANALYZER_NUMBER_OBJECT_CONVERSION = YES_AGGRESSIVE;
				CLANG_CXX_LANGUAGE_STANDARD = "gnu++17";
				CLANG_CXX_LIBRARY = "libc++";
				CLANG_ENABLE_MODULES = YES;
				CLANG_ENABLE_OBJC_ARC = YES;
				CLANG_ENABLE_OBJC_WEAK = YES;
				CLANG_WARN_BLOCK_CAPTURE_AUTORELEASING = YES;
				CLANG_WARN_BOOL_CONVERSION = YES;
				CLANG_WARN_COMMA = YES;
				CLANG_WARN_CONSTANT_CONVERSION = YES;
				CLANG_WARN_DEPRECATED_OBJC_IMPLEMENTATIONS = YES;
				CLANG_WARN_DIRECT_OBJC_ISA_USAGE = YES_ERROR;
				CLANG_WARN_DOCUMENTATION_COMMENTS = YES;
				CLANG_WARN_EMPTY_BODY = YES;
				CLANG_WARN_ENUM_CONVERSION = YES;
				CLANG_WARN_INFINITE_RECURSION = YES;
				CLANG_WARN_INT_CONVERSION = YES;
				CLANG_WARN_NON_LITERAL_NULL_CONVERSION = YES;
				CLANG_WARN_OBJC_IMPLICIT_RETAIN_SELF = YES;
				CLANG_WARN_OBJC_LITERAL_CONVERSION = YES;
				CLANG_WARN_OBJC_ROOT_CLASS = YES_ERROR;
				CLANG_WARN_QUOTED_INCLUDE_IN_FRAMEWORK_HEADER = YES;
				CLANG_WARN_RANGE_LOOP_ANALYSIS = YES;
				CLANG_WARN_STRICT_PROTOTYPES = YES;
				CLANG_WARN_SUSPICIOUS_MOVE = YES;
				CLANG_WARN_UNGUARDED_AVAILABILITY = YES_AGGRESSIVE;
				CLANG_WARN_UNREACHABLE_CODE = YES;
				CLANG_WARN__DUPLICATE_METHOD_MATCH = YES;
				COPY_PHASE_STRIP = NO;
				DEBUG_INFORMATION_FORMAT = dwarf;
				ENABLE_STRICT_OBJC_MSGSEND = YES;
				ENABLE_TESTABILITY = YES;
				GCC_C_LANGUAGE_STANDARD = gnu11;
				GCC_DYNAMIC_NO_PIC = NO;
				GCC_NO_COMMON_BLOCKS = YES;
				GCC_OPTIMIZATION_LEVEL = 0;
				GCC_PREPROCESSOR_DEFINITIONS = (
					"DEBUG=1",
					"$(inherited)",
				);
				GCC_WARN_64_TO_32_BIT_CONVERSION = YES;
				GCC_WARN_ABOUT_RETURN_TYPE = YES_ERROR;
				GCC_WARN_UNDECLARED_SELECTOR = YES;
				GCC_WARN_UNINITIALIZED_AUTOS = YES_AGGRESSIVE;
				GCC_WARN_UNUSED_FUNCTION = YES;
				GCC_WARN_UNUSED_VARIABLE = YES;
				IPHONEOS_DEPLOYMENT_TARGET = 15.2;
				MTL_ENABLE_DEBUG_INFO = INCLUDE_SOURCE;
				MTL_FAST_MATH = YES;
				ONLY_ACTIVE_ARCH = YES;
				SDKROOT = iphoneos;
				SWIFT_ACTIVE_COMPILATION_CONDITIONS = DEBUG;
				SWIFT_OPTIMIZATION_LEVEL = "-Onone";
			};
			name = Debug;
		};
		9743B16F28DA20BF001A0EA9 /* Release */ = {
			isa = XCBuildConfiguration;
			buildSettings = {
				ALWAYS_SEARCH_USER_PATHS = NO;
				CLANG_ANALYZER_NONNULL = YES;
				CLANG_ANALYZER_NUMBER_OBJECT_CONVERSION = YES_AGGRESSIVE;
				CLANG_CXX_LANGUAGE_STANDARD = "gnu++17";
				CLANG_CXX_LIBRARY = "libc++";
				CLANG_ENABLE_MODULES = YES;
				CLANG_ENABLE_OBJC_ARC = YES;
				CLANG_ENABLE_OBJC_WEAK = YES;
				CLANG_WARN_BLOCK_CAPTURE_AUTORELEASING = YES;
				CLANG_WARN_BOOL_CONVERSION = YES;
				CLANG_WARN_COMMA = YES;
				CLANG_WARN_CONSTANT_CONVERSION = YES;
				CLANG_WARN_DEPRECATED_OBJC_IMPLEMENTATIONS = YES;
				CLANG_WARN_DIRECT_OBJC_ISA_USAGE = YES_ERROR;
				CLANG_WARN_DOCUMENTATION_COMMENTS = YES;
				CLANG_WARN_EMPTY_BODY = YES;
				CLANG_WARN_ENUM_CONVERSION = YES;
				CLANG_WARN_INFINITE_RECURSION = YES;
				CLANG_WARN_INT_CONVERSION = YES;
				CLANG_WARN_NON_LITERAL_NULL_CONVERSION = YES;
				CLANG_WARN_OBJC_IMPLICIT_RETAIN_SELF = YES;
				CLANG_WARN_OBJC_LITERAL_CONVERSION = YES;
				CLANG_WARN_OBJC_ROOT_CLASS = YES_ERROR;
				CLANG_WARN_QUOTED_INCLUDE_IN_FRAMEWORK_HEADER = YES;
				CLANG_WARN_RANGE_LOOP_ANALYSIS = YES;
				CLANG_WARN_STRICT_PROTOTYPES = YES;
				CLANG_WARN_SUSPICIOUS_MOVE = YES;
				CLANG_WARN_UNGUARDED_AVAILABILITY = YES_AGGRESSIVE;
				CLANG_WARN_UNREACHABLE_CODE = YES;
				CLANG_WARN__DUPLICATE_METHOD_MATCH = YES;
				COPY_PHASE_STRIP = NO;
				DEBUG_INFORMATION_FORMAT = "dwarf-with-dsym";
				ENABLE_NS_ASSERTIONS = NO;
				ENABLE_STRICT_OBJC_MSGSEND = YES;
				GCC_C_LANGUAGE_STANDARD = gnu11;
				GCC_NO_COMMON_BLOCKS = YES;
				GCC_WARN_64_TO_32_BIT_CONVERSION = YES;
				GCC_WARN_ABOUT_RETURN_TYPE = YES_ERROR;
				GCC_WARN_UNDECLARED_SELECTOR = YES;
				GCC_WARN_UNINITIALIZED_AUTOS = YES_AGGRESSIVE;
				GCC_WARN_UNUSED_FUNCTION = YES;
				GCC_WARN_UNUSED_VARIABLE = YES;
				IPHONEOS_DEPLOYMENT_TARGET = 15.2;
				MTL_ENABLE_DEBUG_INFO = NO;
				MTL_FAST_MATH = YES;
				SDKROOT = iphoneos;
				SWIFT_COMPILATION_MODE = wholemodule;
				SWIFT_OPTIMIZATION_LEVEL = "-O";
				VALIDATE_PRODUCT = YES;
			};
			name = Release;
		};
		9743B17128DA20BF001A0EA9 /* Debug */ = {
			isa = XCBuildConfiguration;
			buildSettings = {
				ASSETCATALOG_COMPILER_APPICON_NAME = AppIcon;
				ASSETCATALOG_COMPILER_GLOBAL_ACCENT_COLOR_NAME = AccentColor;
				CODE_SIGN_STYLE = Automatic;
				CURRENT_PROJECT_VERSION = 1;
				GENERATE_INFOPLIST_FILE = YES;
				INFOPLIST_FILE = SampleProject1/Info.plist;
				INFOPLIST_KEY_UIApplicationSupportsIndirectInputEvents = YES;
				INFOPLIST_KEY_UILaunchStoryboardName = LaunchScreen;
				INFOPLIST_KEY_UIMainStoryboardFile = Main;
				INFOPLIST_KEY_UISupportedInterfaceOrientations_iPad = "UIInterfaceOrientationPortrait UIInterfaceOrientationPortraitUpsideDown UIInterfaceOrientationLandscapeLeft UIInterfaceOrientationLandscapeRight";
				INFOPLIST_KEY_UISupportedInterfaceOrientations_iPhone = "UIInterfaceOrientationPortrait UIInterfaceOrientationLandscapeLeft UIInterfaceOrientationLandscapeRight";
				IPHONEOS_DEPLOYMENT_TARGET = 13.0;
				LD_RUNPATH_SEARCH_PATHS = (
					"$(inherited)",
					"@executable_path/Frameworks",
				);
				MARKETING_VERSION = 1.0;
				PRODUCT_BUNDLE_IDENTIFIER = AM.SampleProject1;
				PRODUCT_NAME = "$(TARGET_NAME)";
				SWIFT_EMIT_LOC_STRINGS = YES;
				SWIFT_VERSION = 5.0;
				TARGETED_DEVICE_FAMILY = "1,2";
			};
			name = Debug;
		};
		9743B17228DA20BF001A0EA9 /* Release */ = {
			isa = XCBuildConfiguration;
			buildSettings = {
				ASSETCATALOG_COMPILER_APPICON_NAME = AppIcon;
				ASSETCATALOG_COMPILER_GLOBAL_ACCENT_COLOR_NAME = AccentColor;
				CODE_SIGN_STYLE = Automatic;
				CURRENT_PROJECT_VERSION = 1;
				GENERATE_INFOPLIST_FILE = YES;
				INFOPLIST_FILE = SampleProject1/Info.plist;
				INFOPLIST_KEY_UIApplicationSupportsIndirectInputEvents = YES;
				INFOPLIST_KEY_UILaunchStoryboardName = LaunchScreen;
				INFOPLIST_KEY_UIMainStoryboardFile = Main;
				INFOPLIST_KEY_UISupportedInterfaceOrientations_iPad = "UIInterfaceOrientationPortrait UIInterfaceOrientationPortraitUpsideDown UIInterfaceOrientationLandscapeLeft UIInterfaceOrientationLandscapeRight";
				INFOPLIST_KEY_UISupportedInterfaceOrientations_iPhone = "UIInterfaceOrientationPortrait UIInterfaceOrientationLandscapeLeft UIInterfaceOrientationLandscapeRight";
				IPHONEOS_DEPLOYMENT_TARGET = 13.0;
				LD_RUNPATH_SEARCH_PATHS = (
					"$(inherited)",
					"@executable_path/Frameworks",
				);
				MARKETING_VERSION = 1.0;
				PRODUCT_BUNDLE_IDENTIFIER = AM.SampleProject1;
				PRODUCT_NAME = "$(TARGET_NAME)";
				SWIFT_EMIT_LOC_STRINGS = YES;
				SWIFT_VERSION = 5.0;
				TARGETED_DEVICE_FAMILY = "1,2";
			};
			name = Release;
		};
		9743B17428DA20BF001A0EA9 /* Debug */ = {
			isa = XCBuildConfiguration;
			buildSettings = {
				ALWAYS_EMBED_SWIFT_STANDARD_LIBRARIES = YES;
				BUNDLE_LOADER = "$(TEST_HOST)";
				CODE_SIGN_STYLE = Automatic;
				CURRENT_PROJECT_VERSION = 1;
				GENERATE_INFOPLIST_FILE = YES;
				IPHONEOS_DEPLOYMENT_TARGET = 15.2;
				MARKETING_VERSION = 1.0;
				PRODUCT_BUNDLE_IDENTIFIER = AM.SampleProject1Tests;
				PRODUCT_NAME = "$(TARGET_NAME)";
				SWIFT_EMIT_LOC_STRINGS = NO;
				SWIFT_VERSION = 5.0;
				TARGETED_DEVICE_FAMILY = "1,2";
				TEST_HOST = "$(BUILT_PRODUCTS_DIR)/SampleProject1.app/SampleProject1";
			};
			name = Debug;
		};
		9743B17528DA20BF001A0EA9 /* Release */ = {
			isa = XCBuildConfiguration;
			buildSettings = {
				ALWAYS_EMBED_SWIFT_STANDARD_LIBRARIES = YES;
				BUNDLE_LOADER = "$(TEST_HOST)";
				CODE_SIGN_STYLE = Automatic;
				CURRENT_PROJECT_VERSION = 1;
				GENERATE_INFOPLIST_FILE = YES;
				IPHONEOS_DEPLOYMENT_TARGET = 15.2;
				MARKETING_VERSION = 1.0;
				PRODUCT_BUNDLE_IDENTIFIER = AM.SampleProject1Tests;
				PRODUCT_NAME = "$(TARGET_NAME)";
				SWIFT_EMIT_LOC_STRINGS = NO;
				SWIFT_VERSION = 5.0;
				TARGETED_DEVICE_FAMILY = "1,2";
				TEST_HOST = "$(BUILT_PRODUCTS_DIR)/SampleProject1.app/SampleProject1";
			};
			name = Release;
		};
		9743B17728DA20BF001A0EA9 /* Debug */ = {
			isa = XCBuildConfiguration;
			buildSettings = {
				ALWAYS_EMBED_SWIFT_STANDARD_LIBRARIES = YES;
				CODE_SIGN_STYLE = Automatic;
				CURRENT_PROJECT_VERSION = 1;
				GENERATE_INFOPLIST_FILE = YES;
				MARKETING_VERSION = 1.0;
				PRODUCT_BUNDLE_IDENTIFIER = AM.SampleProject1UITests;
				PRODUCT_NAME = "$(TARGET_NAME)";
				SWIFT_EMIT_LOC_STRINGS = NO;
				SWIFT_VERSION = 5.0;
				TARGETED_DEVICE_FAMILY = "1,2";
				TEST_TARGET_NAME = SampleProject1;
			};
			name = Debug;
		};
		9743B17828DA20BF001A0EA9 /* Release */ = {
			isa = XCBuildConfiguration;
			buildSettings = {
				ALWAYS_EMBED_SWIFT_STANDARD_LIBRARIES = YES;
				CODE_SIGN_STYLE = Automatic;
				CURRENT_PROJECT_VERSION = 1;
				GENERATE_INFOPLIST_FILE = YES;
				MARKETING_VERSION = 1.0;
				PRODUCT_BUNDLE_IDENTIFIER = AM.SampleProject1UITests;
				PRODUCT_NAME = "$(TARGET_NAME)";
				SWIFT_EMIT_LOC_STRINGS = NO;
				SWIFT_VERSION = 5.0;
				TARGETED_DEVICE_FAMILY = "1,2";
				TEST_TARGET_NAME = SampleProject1;
			};
			name = Release;
		};
/* End XCBuildConfiguration section */

/* Begin XCConfigurationList section */
		9743B14128DA20BE001A0EA9 /* Build configuration list for PBXProject "SampleProject1" */ = {
			isa = XCConfigurationList;
			buildConfigurations = (
				9743B16E28DA20BF001A0EA9 /* Debug */,
				9743B16F28DA20BF001A0EA9 /* Release */,
			);
			defaultConfigurationIsVisible = 0;
			defaultConfigurationName = Release;
		};
		9743B17028DA20BF001A0EA9 /* Build configuration list for PBXNativeTarget "SampleProject1" */ = {
			isa = XCConfigurationList;
			buildConfigurations = (
				9743B17128DA20BF001A0EA9 /* Debug */,
				9743B17228DA20BF001A0EA9 /* Release */,
			);
			defaultConfigurationIsVisible = 0;
			defaultConfigurationName = Release;
		};
		9743B17328DA20BF001A0EA9 /* Build configuration list for PBXNativeTarget "SampleProject1Tests" */ = {
			isa = XCConfigurationList;
			buildConfigurations = (
				9743B17428DA20BF001A0EA9 /* Debug */,
				9743B17528DA20BF001A0EA9 /* Release */,
			);
			defaultConfigurationIsVisible = 0;
			defaultConfigurationName = Release;
		};
		9743B17628DA20BF001A0EA9 /* Build configuration list for PBXNativeTarget "SampleProject1UITests" */ = {
			isa = XCConfigurationList;
			buildConfigurations = (
				9743B17728DA20BF001A0EA9 /* Debug */,
				9743B17828DA20BF001A0EA9 /* Release */,
			);
			defaultConfigurationIsVisible = 0;
			defaultConfigurationName = Release;
		};
/* End XCConfigurationList section */
	};
	rootObject = 9743B13E28DA20BE001A0EA9 /* Project object */;
}
